// !$*UTF8*$!
{
	archiveVersion = 1;
	classes = {
	};
	objectVersion = 46;
	objects = {

/* Begin PBXBuildFile section */
		547AFAF01C0EC1770088CB38 /* main.cpp in Sources */ = {isa = PBXBuildFile; fileRef = 547AFAEF1C0EC1770088CB38 /* main.cpp */; };
/* End PBXBuildFile section */

/* Begin PBXCopyFilesBuildPhase section */
		547AFAEA1C0EC1770088CB38 /* CopyFiles */ = {
			isa = PBXCopyFilesBuildPhase;
			buildActionMask = 2147483647;
			dstPath = /usr/share/man/man1/;
			dstSubfolderSpec = 0;
			files = (
			);
			runOnlyForDeploymentPostprocessing = 1;
		};
/* End PBXCopyFilesBuildPhase section */

/* Begin PBXFileReference section */
		547AFAEC1C0EC1770088CB38 /* cWd_Tcp_Socket_Client_Server_Middleware */ = {isa = PBXFileReference; explicitFileType = "compiled.mach-o.executable"; includeInIndex = 0; path = cWd_Tcp_Socket_Client_Server_Middleware; sourceTree = BUILT_PRODUCTS_DIR; };
		547AFAEF1C0EC1770088CB38 /* main.cpp */ = {isa = PBXFileReference; lastKnownFileType = sourcecode.cpp.cpp; path = main.cpp; sourceTree = "<group>"; };
/* End PBXFileReference section */

/* Begin PBXFrameworksBuildPhase section */
		547AFAE91C0EC1770088CB38 /* Frameworks */ = {
			isa = PBXFrameworksBuildPhase;
			buildActionMask = 2147483647;
			files = (
			);
			runOnlyForDeploymentPostprocessing = 0;
		};
/* End PBXFrameworksBuildPhase section */

/* Begin PBXGroup section */
		547AFAE31C0EC1770088CB38 = {
			isa = PBXGroup;
			children = (
				547AFAEE1C0EC1770088CB38 /* cWd_Tcp_Socket_Client_Server_Middleware */,
				547AFAED1C0EC1770088CB38 /* Products */,
			);
			sourceTree = "<group>";
		};
		547AFAED1C0EC1770088CB38 /* Products */ = {
			isa = PBXGroup;
			children = (
				547AFAEC1C0EC1770088CB38 /* cWd_Tcp_Socket_Client_Server_Middleware */,
			);
			name = Products;
			sourceTree = "<group>";
		};
		547AFAEE1C0EC1770088CB38 /* cWd_Tcp_Socket_Client_Server_Middleware */ = {
			isa = PBXGroup;
			children = (
				547AFAEF1C0EC1770088CB38 /* main.cpp */,
			);
			path = cWd_Tcp_Socket_Client_Server_Middleware;
			sourceTree = "<group>";
		};
/* End PBXGroup section */

/* Begin PBXNativeTarget section */
		547AFAEB1C0EC1770088CB38 /* cWd_Tcp_Socket_Client_Server_Middleware */ = {
			isa = PBXNativeTarget;
			buildConfigurationList = 547AFAF31C0EC1770088CB38 /* Build configuration list for PBXNativeTarget "cWd_Tcp_Socket_Client_Server_Middleware" */;
			buildPhases = (
				547AFAE81C0EC1770088CB38 /* Sources */,
				547AFAE91C0EC1770088CB38 /* Frameworks */,
				547AFAEA1C0EC1770088CB38 /* CopyFiles */,
			);
			buildRules = (
			);
			dependencies = (
			);
			name = cWd_Tcp_Socket_Client_Server_Middleware;
			productName = cWd_Tcp_Socket_Client_Server_Middleware;
			productReference = 547AFAEC1C0EC1770088CB38 /* cWd_Tcp_Socket_Client_Server_Middleware */;
			productType = "com.apple.product-type.tool";
		};
/* End PBXNativeTarget section */

/* Begin PBXProject section */
		547AFAE41C0EC1770088CB38 /* Project object */ = {
			isa = PBXProject;
			attributes = {
				LastUpgradeCheck = 0710;
				ORGANIZATIONNAME = "Chad Wanderscheid";
				TargetAttributes = {
					547AFAEB1C0EC1770088CB38 = {
						CreatedOnToolsVersion = 7.1.1;
					};
				};
			};
			buildConfigurationList = 547AFAE71C0EC1770088CB38 /* Build configuration list for PBXProject "cWd_Tcp_Socket_Client_Server_Middleware" */;
			compatibilityVersion = "Xcode 3.2";
			developmentRegion = English;
			hasScannedForEncodings = 0;
			knownRegions = (
				en,
			);
			mainGroup = 547AFAE31C0EC1770088CB38;
			productRefGroup = 547AFAED1C0EC1770088CB38 /* Products */;
			projectDirPath = "";
			projectRoot = "";
			targets = (
				547AFAEB1C0EC1770088CB38 /* cWd_Tcp_Socket_Client_Server_Middleware */,
			);
		};
/* End PBXProject section */

/* Begin PBXSourcesBuildPhase section */
		547AFAE81C0EC1770088CB38 /* Sources */ = {
			isa = PBXSourcesBuildPhase;
			buildActionMask = 2147483647;
			files = (
				547AFAF01C0EC1770088CB38 /* main.cpp in Sources */,
			);
			runOnlyForDeploymentPostprocessing = 0;
		};
/* End PBXSourcesBuildPhase section */

/* Begin XCBuildConfiguration section */
		547AFAF11C0EC1770088CB38 /* Debug */ = {
			isa = XCBuildConfiguration;
			buildSettings = {
				ALWAYS_SEARCH_USER_PATHS = NO;
				CLANG_CXX_LANGUAGE_STANDARD = "gnu++0x";
				CLANG_CXX_LIBRARY = "libc++";
				CLANG_ENABLE_MODULES = YES;
				CLANG_ENABLE_OBJC_ARC = YES;
				CLANG_WARN_BOOL_CONVERSION = YES;
				CLANG_WARN_CONSTANT_CONVERSION = YES;
				CLANG_WARN_DIRECT_OBJC_ISA_USAGE = YES_ERROR;
				CLANG_WARN_EMPTY_BODY = YES;
				CLANG_WARN_ENUM_CONVERSION = YES;
				CLANG_WARN_INT_CONVERSION = YES;
				CLANG_WARN_OBJC_ROOT_CLASS = YES_ERROR;
				CLANG_WARN_UNREACHABLE_CODE = YES;
				CLANG_WARN__DUPLICATE_METHOD_MATCH = YES;
				CODE_SIGN_IDENTITY = "-";
				COPY_PHASE_STRIP = NO;
				DEBUG_INFORMATION_FORMAT = dwarf;
				ENABLE_STRICT_OBJC_MSGSEND = YES;
				ENABLE_TESTABILITY = YES;
				GCC_C_LANGUAGE_STANDARD = gnu99;
				GCC_DYNAMIC_NO_PIC = NO;
				GCC_NO_COMMON_BLOCKS = YES;
				GCC_OPTIMIZATION_LEVEL = 0;
				GCC_PREPROCESSOR_DEFINITIONS = (
					"DEBUG=1",
					"$(inherited)",
				);
				GCC_WARN_64_TO_32_BIT_CONVERSION = YES;
				GCC_WARN_ABOUT_RETURN_TYPE = YES_ERROR;
				GCC_WARN_UNDECLARED_SELECTOR = YES;
				GCC_WARN_UNINITIALIZED_AUTOS = YES_AGGRESSIVE;
				GCC_WARN_UNUSED_FUNCTION = YES;
				GCC_WARN_UNUSED_VARIABLE = YES;
				MACOSX_DEPLOYMENT_TARGET = 10.11;
				MTL_ENABLE_DEBUG_INFO = YES;
				ONLY_ACTIVE_ARCH = YES;
				SDKROOT = macosx;
			};
			name = Debug;
		};
		547AFAF21C0EC1770088CB38 /* Release */ = {
			isa = XCBuildConfiguration;
			buildSettings = {
				ALWAYS_SEARCH_USER_PATHS = NO;
				CLANG_CXX_LANGUAGE_STANDARD = "gnu++0x";
				CLANG_CXX_LIBRARY = "libc++";
				CLANG_ENABLE_MODULES = YES;
				CLANG_ENABLE_OBJC_ARC = YES;
				CLANG_WARN_BOOL_CONVERSION = YES;
				CLANG_WARN_CONSTANT_CONVERSION = YES;
				CLANG_WARN_DIRECT_OBJC_ISA_USAGE = YES_ERROR;
				CLANG_WARN_EMPTY_BODY = YES;
				CLANG_WARN_ENUM_CONVERSION = YES;
				CLANG_WARN_INT_CONVERSION = YES;
				CLANG_WARN_OBJC_ROOT_CLASS = YES_ERROR;
				CLANG_WARN_UNREACHABLE_CODE = YES;
				CLANG_WARN__DUPLICATE_METHOD_MATCH = YES;
				CODE_SIGN_IDENTITY = "-";
				COPY_PHASE_STRIP = NO;
				DEBUG_INFORMATION_FORMAT = "dwarf-with-dsym";
				ENABLE_NS_ASSERTIONS = NO;
				ENABLE_STRICT_OBJC_MSGSEND = YES;
				GCC_C_LANGUAGE_STANDARD = gnu99;
				GCC_NO_COMMON_BLOCKS = YES;
				GCC_WARN_64_TO_32_BIT_CONVERSION = YES;
				GCC_WARN_ABOUT_RETURN_TYPE = YES_ERROR;
				GCC_WARN_UNDECLARED_SELECTOR = YES;
				GCC_WARN_UNINITIALIZED_AUTOS = YES_AGGRESSIVE;
				GCC_WARN_UNUSED_FUNCTION = YES;
				GCC_WARN_UNUSED_VARIABLE = YES;
				MACOSX_DEPLOYMENT_TARGET = 10.11;
				MTL_ENABLE_DEBUG_INFO = NO;
				SDKROOT = macosx;
			};
			name = Release;
		};
		547AFAF41C0EC1770088CB38 /* Debug */ = {
			isa = XCBuildConfiguration;
			buildSettings = {
				PRODUCT_NAME = "$(TARGET_NAME)";
			};
			name = Debug;
		};
		547AFAF51C0EC1770088CB38 /* Release */ = {
			isa = XCBuildConfiguration;
			buildSettings = {
				PRODUCT_NAME = "$(TARGET_NAME)";
			};
			name = Release;
		};
/* End XCBuildConfiguration section */

/* Begin XCConfigurationList section */
		547AFAE71C0EC1770088CB38 /* Build configuration list for PBXProject "cWd_Tcp_Socket_Client_Server_Middleware" */ = {
			isa = XCConfigurationList;
			buildConfigurations = (
				547AFAF11C0EC1770088CB38 /* Debug */,
				547AFAF21C0EC1770088CB38 /* Release */,
			);
			defaultConfigurationIsVisible = 0;
			defaultConfigurationName = Release;
		};
		547AFAF31C0EC1770088CB38 /* Build configuration list for PBXNativeTarget "cWd_Tcp_Socket_Client_Server_Middleware" */ = {
			isa = XCConfigurationList;
			buildConfigurations = (
				547AFAF41C0EC1770088CB38 /* Debug */,
				547AFAF51C0EC1770088CB38 /* Release */,
			);
			defaultConfigurationIsVisible = 0;
		};
/* End XCConfigurationList section */
	};
	rootObject = 547AFAE41C0EC1770088CB38 /* Project object */;
}
